
Microsoft Visual Studio Solution File, Format Version 12.00
# Visual Studio Version 17
VisualStudioVersion = 17.0.31903.59
MinimumVisualStudioVersion = 10.0.40219.1
Project("{9A19103F-16F7-4668-BE54-9A1E7A4F7556}") = "TGC.JobServer.WebAPI", "TGC.JobServer.WebAPI\TGC.JobServer.WebAPI.csproj", "{9EF0A1D3-8BF4-4DE3-A0F3-5F3205B38699}"
EndProject
Project("{9A19103F-16F7-4668-BE54-9A1E7A4F7556}") = "TGC.JobServer.Jobs", "TGC.JobServer.Jobs\TGC.JobServer.Jobs.csproj", "{822459BD-8AB4-48E2-A96A-ADB84898F700}"
EndProject
Project("{9A19103F-16F7-4668-BE54-9A1E7A4F7556}") = "TGC.JobServer.Infrastructure", "TGC.JobServer.Infrastructure\TGC.JobServer.Infrastructure.csproj", "{1606AAB6-DCA4-4C3E-9B3D-322E5176FE1A}"
EndProject
Project("{9A19103F-16F7-4668-BE54-9A1E7A4F7556}") = "TGC.JobServer.Abstractions", "TGC.JobServer.Abstractions\TGC.JobServer.Abstractions.csproj", "{EF7735F5-957B-4539-BFA6-BB592908B3EC}"
EndProject
Project("{9A19103F-16F7-4668-BE54-9A1E7A4F7556}") = "TGC.JobServer.Services", "TGC.JobServer.Services\TGC.JobServer.Services.csproj", "{70FACEB0-A948-40CE-9A23-5630DCED15D7}"
EndProject
Project("{9A19103F-16F7-4668-BE54-9A1E7A4F7556}") = "TGC.JobServer.Models", "TGC.JobServer.Models\TGC.JobServer.Models.csproj", "{FDEE06E6-D498-4DEE-B2AB-F654ED65EBB7}"
EndProject
Project("{2150E333-8FDC-42A3-9474-1A3956D46DE8}") = "UnitTests", "UnitTests", "{933D26FB-1022-434A-8C91-F4FC9DCAABEC}"
EndProject
Project("{9A19103F-16F7-4668-BE54-9A1E7A4F7556}") = "TGC.JobServer.Infrastructure.Tests", "TGC.JobServer.Infrastructure.Tests\TGC.JobServer.Infrastructure.Tests.csproj", "{237D9A17-E19D-4DE5-BB79-9EC44678E21B}"
EndProject
Project("{9A19103F-16F7-4668-BE54-9A1E7A4F7556}") = "TGC.JobServer.Jobs.Tests", "TGC.JobServer.Jobs.Tests\TGC.JobServer.Jobs.Tests.csproj", "{13F48CFF-A278-4B4C-A11C-A382C0E261EA}"
EndProject
Project("{9A19103F-16F7-4668-BE54-9A1E7A4F7556}") = "TGC.JobServer.Services.Tests", "TGC.JobServer.Services.Tests\TGC.JobServer.Services.Tests.csproj", "{6FFF1ECE-8073-4C61-BCAA-CB3B2570E593}"
EndProject
Project("{2150E333-8FDC-42A3-9474-1A3956D46DE8}") = "Solution Items", "Solution Items", "{71CE1954-343C-42FA-A992-3B1B5B678C23}"
	ProjectSection(SolutionItems) = preProject
		ReadMe.md = ReadMe.md
	EndProjectSection
EndProject
Project("{2150E333-8FDC-42A3-9474-1A3956D46DE8}") = "IntegrationTests", "IntegrationTests", "{A1F80720-BE35-4E12-93AC-237D50649337}"
EndProject
Project("{FAE04EC0-301F-11D3-BF4B-00C04F79EFBC}") = "TGC.JobServer.TestAPI", "TGC.JobServer.TestAPI\TGC.JobServer.TestAPI.csproj", "{A84E5074-075B-455D-9261-42C3382B17FB}"
EndProject
Project("{9A19103F-16F7-4668-BE54-9A1E7A4F7556}") = "TGC.JobServer.WebAPI.Tests", "TGC.JobServer.WebAPI.Tests\TGC.JobServer.WebAPI.Tests.csproj", "{2459DDFF-21D2-473D-9708-7DC270521C6B}"
EndProject
Global
	GlobalSection(SolutionConfigurationPlatforms) = preSolution
		Debug|Any CPU = Debug|Any CPU
		Release|Any CPU = Release|Any CPU
	EndGlobalSection
	GlobalSection(ProjectConfigurationPlatforms) = postSolution
		{9EF0A1D3-8BF4-4DE3-A0F3-5F3205B38699}.Debug|Any CPU.ActiveCfg = Debug|Any CPU
		{9EF0A1D3-8BF4-4DE3-A0F3-5F3205B38699}.Debug|Any CPU.Build.0 = Debug|Any CPU
		{9EF0A1D3-8BF4-4DE3-A0F3-5F3205B38699}.Release|Any CPU.ActiveCfg = Release|Any CPU
		{9EF0A1D3-8BF4-4DE3-A0F3-5F3205B38699}.Release|Any CPU.Build.0 = Release|Any CPU
		{822459BD-8AB4-48E2-A96A-ADB84898F700}.Debug|Any CPU.ActiveCfg = Debug|Any CPU
		{822459BD-8AB4-48E2-A96A-ADB84898F700}.Debug|Any CPU.Build.0 = Debug|Any CPU
		{822459BD-8AB4-48E2-A96A-ADB84898F700}.Release|Any CPU.ActiveCfg = Release|Any CPU
		{822459BD-8AB4-48E2-A96A-ADB84898F700}.Release|Any CPU.Build.0 = Release|Any CPU
		{1606AAB6-DCA4-4C3E-9B3D-322E5176FE1A}.Debug|Any CPU.ActiveCfg = Debug|Any CPU
		{1606AAB6-DCA4-4C3E-9B3D-322E5176FE1A}.Debug|Any CPU.Build.0 = Debug|Any CPU
		{1606AAB6-DCA4-4C3E-9B3D-322E5176FE1A}.Release|Any CPU.ActiveCfg = Release|Any CPU
		{1606AAB6-DCA4-4C3E-9B3D-322E5176FE1A}.Release|Any CPU.Build.0 = Release|Any CPU
		{EF7735F5-957B-4539-BFA6-BB592908B3EC}.Debug|Any CPU.ActiveCfg = Debug|Any CPU
		{EF7735F5-957B-4539-BFA6-BB592908B3EC}.Debug|Any CPU.Build.0 = Debug|Any CPU
		{EF7735F5-957B-4539-BFA6-BB592908B3EC}.Release|Any CPU.ActiveCfg = Release|Any CPU
		{EF7735F5-957B-4539-BFA6-BB592908B3EC}.Release|Any CPU.Build.0 = Release|Any CPU
		{70FACEB0-A948-40CE-9A23-5630DCED15D7}.Debug|Any CPU.ActiveCfg = Debug|Any CPU
		{70FACEB0-A948-40CE-9A23-5630DCED15D7}.Debug|Any CPU.Build.0 = Debug|Any CPU
		{70FACEB0-A948-40CE-9A23-5630DCED15D7}.Release|Any CPU.ActiveCfg = Release|Any CPU
		{70FACEB0-A948-40CE-9A23-5630DCED15D7}.Release|Any CPU.Build.0 = Release|Any CPU
		{FDEE06E6-D498-4DEE-B2AB-F654ED65EBB7}.Debug|Any CPU.ActiveCfg = Debug|Any CPU
		{FDEE06E6-D498-4DEE-B2AB-F654ED65EBB7}.Debug|Any CPU.Build.0 = Debug|Any CPU
		{FDEE06E6-D498-4DEE-B2AB-F654ED65EBB7}.Release|Any CPU.ActiveCfg = Release|Any CPU
		{FDEE06E6-D498-4DEE-B2AB-F654ED65EBB7}.Release|Any CPU.Build.0 = Release|Any CPU
		{237D9A17-E19D-4DE5-BB79-9EC44678E21B}.Debug|Any CPU.ActiveCfg = Debug|Any CPU
		{237D9A17-E19D-4DE5-BB79-9EC44678E21B}.Debug|Any CPU.Build.0 = Debug|Any CPU
		{237D9A17-E19D-4DE5-BB79-9EC44678E21B}.Release|Any CPU.ActiveCfg = Release|Any CPU
		{237D9A17-E19D-4DE5-BB79-9EC44678E21B}.Release|Any CPU.Build.0 = Release|Any CPU
		{13F48CFF-A278-4B4C-A11C-A382C0E261EA}.Debug|Any CPU.ActiveCfg = Debug|Any CPU
		{13F48CFF-A278-4B4C-A11C-A382C0E261EA}.Debug|Any CPU.Build.0 = Debug|Any CPU
		{13F48CFF-A278-4B4C-A11C-A382C0E261EA}.Release|Any CPU.ActiveCfg = Release|Any CPU
		{13F48CFF-A278-4B4C-A11C-A382C0E261EA}.Release|Any CPU.Build.0 = Release|Any CPU
		{6FFF1ECE-8073-4C61-BCAA-CB3B2570E593}.Debug|Any CPU.ActiveCfg = Debug|Any CPU
		{6FFF1ECE-8073-4C61-BCAA-CB3B2570E593}.Debug|Any CPU.Build.0 = Debug|Any CPU
		{6FFF1ECE-8073-4C61-BCAA-CB3B2570E593}.Release|Any CPU.ActiveCfg = Release|Any CPU
		{6FFF1ECE-8073-4C61-BCAA-CB3B2570E593}.Release|Any CPU.Build.0 = Release|Any CPU
		{A84E5074-075B-455D-9261-42C3382B17FB}.Debug|Any CPU.ActiveCfg = Debug|Any CPU
		{A84E5074-075B-455D-9261-42C3382B17FB}.Debug|Any CPU.Build.0 = Debug|Any CPU
		{A84E5074-075B-455D-9261-42C3382B17FB}.Release|Any CPU.ActiveCfg = Release|Any CPU
		{A84E5074-075B-455D-9261-42C3382B17FB}.Release|Any CPU.Build.0 = Release|Any CPU
		{2459DDFF-21D2-473D-9708-7DC270521C6B}.Debug|Any CPU.ActiveCfg = Debug|Any CPU
		{2459DDFF-21D2-473D-9708-7DC270521C6B}.Debug|Any CPU.Build.0 = Debug|Any CPU
		{2459DDFF-21D2-473D-9708-7DC270521C6B}.Release|Any CPU.ActiveCfg = Release|Any CPU
		{2459DDFF-21D2-473D-9708-7DC270521C6B}.Release|Any CPU.Build.0 = Release|Any CPU
	EndGlobalSection
	GlobalSection(SolutionProperties) = preSolution
		HideSolutionNode = FALSE
	EndGlobalSection
	GlobalSection(NestedProjects) = preSolution
		{237D9A17-E19D-4DE5-BB79-9EC44678E21B} = {933D26FB-1022-434A-8C91-F4FC9DCAABEC}
		{13F48CFF-A278-4B4C-A11C-A382C0E261EA} = {933D26FB-1022-434A-8C91-F4FC9DCAABEC}
		{6FFF1ECE-8073-4C61-BCAA-CB3B2570E593} = {933D26FB-1022-434A-8C91-F4FC9DCAABEC}
		{A84E5074-075B-455D-9261-42C3382B17FB} = {A1F80720-BE35-4E12-93AC-237D50649337}
		{2459DDFF-21D2-473D-9708-7DC270521C6B} = {933D26FB-1022-434A-8C91-F4FC9DCAABEC}
	EndGlobalSection
	GlobalSection(ExtensibilityGlobals) = postSolution
		SolutionGuid = {AA9013C5-7DC8-4C21-8BC1-5A3428111688}
	EndGlobalSection
EndGlobal
